
Microsoft Visual Studio Solution File, Format Version 12.00
# Visual Studio Version 16
VisualStudioVersion = 16.0.810.25
MinimumVisualStudioVersion = 10.0.40219.1
Project("{FAE04EC0-301F-11D3-BF4B-00C04F79EFBC}") = "Examen1.Android", "Examen1.Android\Examen1.Android.csproj", "{4483FB4A-5E3F-465E-926A-E0B49B79030A}"
EndProject
Project("{FAE04EC0-301F-11D3-BF4B-00C04F79EFBC}") = "Examen1.iOS", "Examen1.iOS\Examen1.iOS.csproj", "{74745528-AC9D-4FF3-B018-F554420F5E46}"
EndProject
Project("{FAE04EC0-301F-11D3-BF4B-00C04F79EFBC}") = "Examen1", "Examen1\Examen1.csproj", "{F43445D3-F35F-4BA2-88D0-014804DC4AFE}"
EndProject
Global
	GlobalSection(SolutionConfigurationPlatforms) = preSolution
		Debug|Any CPU = Debug|Any CPU
		Release|Any CPU = Release|Any CPU
		Debug|iPhoneSimulator = Debug|iPhoneSimulator
		Release|iPhoneSimulator = Release|iPhoneSimulator
		Debug|iPhone = Debug|iPhone
		Release|iPhone = Release|iPhone
	EndGlobalSection
	GlobalSection(ProjectConfigurationPlatforms) = postSolution
		{4483FB4A-5E3F-465E-926A-E0B49B79030A}.Debug|Any CPU.ActiveCfg = Debug|Any CPU
		{4483FB4A-5E3F-465E-926A-E0B49B79030A}.Debug|Any CPU.Build.0 = Debug|Any CPU
		{4483FB4A-5E3F-465E-926A-E0B49B79030A}.Release|Any CPU.ActiveCfg = Release|Any CPU
		{4483FB4A-5E3F-465E-926A-E0B49B79030A}.Release|Any CPU.Build.0 = Release|Any CPU
		{4483FB4A-5E3F-465E-926A-E0B49B79030A}.Debug|iPhoneSimulator.ActiveCfg = Debug|Any CPU
		{4483FB4A-5E3F-465E-926A-E0B49B79030A}.Debug|iPhoneSimulator.Build.0 = Debug|Any CPU
		{4483FB4A-5E3F-465E-926A-E0B49B79030A}.Release|iPhoneSimulator.ActiveCfg = Release|Any CPU
		{4483FB4A-5E3F-465E-926A-E0B49B79030A}.Release|iPhoneSimulator.Build.0 = Release|Any CPU
		{4483FB4A-5E3F-465E-926A-E0B49B79030A}.Debug|iPhone.ActiveCfg = Debug|Any CPU
		{4483FB4A-5E3F-465E-926A-E0B49B79030A}.Debug|iPhone.Build.0 = Debug|Any CPU
		{4483FB4A-5E3F-465E-926A-E0B49B79030A}.Release|iPhone.ActiveCfg = Release|Any CPU
		{4483FB4A-5E3F-465E-926A-E0B49B79030A}.Release|iPhone.Build.0 = Release|Any CPU
		{74745528-AC9D-4FF3-B018-F554420F5E46}.Debug|Any CPU.ActiveCfg = Debug|iPhoneSimulator
		{74745528-AC9D-4FF3-B018-F554420F5E46}.Debug|Any CPU.Build.0 = Debug|iPhoneSimulator
		{74745528-AC9D-4FF3-B018-F554420F5E46}.Release|Any CPU.ActiveCfg = Release|iPhoneSimulator
		{74745528-AC9D-4FF3-B018-F554420F5E46}.Release|Any CPU.Build.0 = Release|iPhoneSimulator
		{74745528-AC9D-4FF3-B018-F554420F5E46}.Debug|iPhoneSimulator.ActiveCfg = Debug|iPhoneSimulator
		{74745528-AC9D-4FF3-B018-F554420F5E46}.Debug|iPhoneSimulator.Build.0 = Debug|iPhoneSimulator
		{74745528-AC9D-4FF3-B018-F554420F5E46}.Release|iPhoneSimulator.ActiveCfg = Release|iPhoneSimulator
		{74745528-AC9D-4FF3-B018-F554420F5E46}.Release|iPhoneSimulator.Build.0 = Release|iPhoneSimulator
		{74745528-AC9D-4FF3-B018-F554420F5E46}.Debug|iPhone.ActiveCfg = Debug|iPhone
		{74745528-AC9D-4FF3-B018-F554420F5E46}.Debug|iPhone.Build.0 = Debug|iPhone
		{74745528-AC9D-4FF3-B018-F554420F5E46}.Release|iPhone.ActiveCfg = Release|iPhone
		{74745528-AC9D-4FF3-B018-F554420F5E46}.Release|iPhone.Build.0 = Release|iPhone
		{F43445D3-F35F-4BA2-88D0-014804DC4AFE}.Debug|Any CPU.ActiveCfg = Debug|Any CPU
		{F43445D3-F35F-4BA2-88D0-014804DC4AFE}.Debug|Any CPU.Build.0 = Debug|Any CPU
		{F43445D3-F35F-4BA2-88D0-014804DC4AFE}.Release|Any CPU.ActiveCfg = Release|Any CPU
		{F43445D3-F35F-4BA2-88D0-014804DC4AFE}.Release|Any CPU.Build.0 = Release|Any CPU
		{F43445D3-F35F-4BA2-88D0-014804DC4AFE}.Debug|iPhoneSimulator.ActiveCfg = Debug|Any CPU
		{F43445D3-F35F-4BA2-88D0-014804DC4AFE}.Debug|iPhoneSimulator.Build.0 = Debug|Any CPU
		{F43445D3-F35F-4BA2-88D0-014804DC4AFE}.Release|iPhoneSimulator.ActiveCfg = Release|Any CPU
		{F43445D3-F35F-4BA2-88D0-014804DC4AFE}.Release|iPhoneSimulator.Build.0 = Release|Any CPU
		{F43445D3-F35F-4BA2-88D0-014804DC4AFE}.Debug|iPhone.ActiveCfg = Debug|Any CPU
		{F43445D3-F35F-4BA2-88D0-014804DC4AFE}.Debug|iPhone.Build.0 = Debug|Any CPU
		{F43445D3-F35F-4BA2-88D0-014804DC4AFE}.Release|iPhone.ActiveCfg = Release|Any CPU
		{F43445D3-F35F-4BA2-88D0-014804DC4AFE}.Release|iPhone.Build.0 = Release|Any CPU
	EndGlobalSection
	GlobalSection(SolutionProperties) = preSolution
		HideSolutionNode = FALSE
	EndGlobalSection
	GlobalSection(ExtensibilityGlobals) = postSolution
		SolutionGuid = {BA378DD6-159F-4BBB-BEF8-CB8FB1213262}
	EndGlobalSection
EndGlobal
